packages:
  - local: ../deanslist
    name: deanslist
  - local: ../finalsite
    name: finalsite
  - local: ../iready
    name: iready
  - local: ../focus
    name: focus
  - local: ../renlearn
    name: renlearn
  - name: dbt_external_tables
    package: dbt-labs/dbt_external_tables
    version: 0.12.2
  - name: dbt_utils
    package: dbt-labs/dbt_utils
    version: 1.4.1
sha1_hash: 68067fa253185d85be62fe500489028f2d15daf5
