packages:
  - local: ../deanslist
    name: deanslist
  - local: ../iready
    name: iready
  - local: ../powerschool
    name: powerschool
  - local: ../renlearn
    name: renlearn
  - name: dbt_external_tables
    package: dbt-labs/dbt_external_tables
    version: 0.12.0
  - name: codegen
    package: dbt-labs/codegen
    version: 0.14.0
  - name: dbt_utils
    package: dbt-labs/dbt_utils
    version: 1.3.2
sha1_hash: 9593aff12926ab535239775e1a670d9c4aa814d6
