packages:
  - local: ../deanslist
    name: deanslist
  - local: ../finalsite
    name: finalsite
  - local: ../iready
    name: iready
  - local: ../powerschool
    name: powerschool
  - local: ../focus
    name: focus
  - local: ../renlearn
    name: renlearn
  - name: dbt_external_tables
    package: dbt-labs/dbt_external_tables
    version: 0.12.2
  - name: codegen
    package: dbt-labs/codegen
    version: 0.14.0
  - name: dbt_utils
    package: dbt-labs/dbt_utils
    version: 1.3.3
sha1_hash: e101ea93ae5f0a624f4b71d93726b47d70192f9e
