packages:
  - local: ../amplify
    name: amplify
  - local: ../deanslist
    name: deanslist
  - local: ../edplan
    name: edplan
  - local: ../finalsite
    name: finalsite
  - local: ../iready
    name: iready
  - local: ../overgrad
    name: overgrad
  - local: ../pearson
    name: pearson
  - local: ../powerschool
    name: powerschool
  - local: ../titan
    name: titan
  - name: dbt_external_tables
    package: dbt-labs/dbt_external_tables
    version: 0.12.3
  - name: dbt_utils
    package: dbt-labs/dbt_utils
    version: 1.4.1
sha1_hash: 06fecf6c17f4322a165e612c1167694629a87d70
