packages:
  - local: ../amplify
    name: amplify
  - local: ../cambium
    name: cambium
  - local: ../deanslist
    name: deanslist
  - local: ../edplan
    name: edplan
  - local: ../finalsite
    name: finalsite
  - local: ../iready
    name: iready
  - local: ../overgrad
    name: overgrad
  - local: ../pearson
    name: pearson
  - local: ../powerschool
    name: powerschool
  - local: ../renlearn
    name: renlearn
  - local: ../titan
    name: titan
  - name: dbt_external_tables
    package: dbt-labs/dbt_external_tables
    version: 0.12.3
  - name: dbt_utils
    package: dbt-labs/dbt_utils
    version: 1.4.1
sha1_hash: 6eec19f94ebc7aa48137a797849cb5e0d9fb00c4
