packages:
  - local: ../amplify
    name: amplify
  - local: ../deanslist
    name: deanslist
  - local: ../edplan
    name: edplan
  - local: ../iready
    name: iready
  - local: ../overgrad
    name: overgrad
  - local: ../pearson
    name: pearson
  - local: ../powerschool
    name: powerschool
  - local: ../renlearn
    name: renlearn
  - local: ../titan
    name: titan
  - name: dbt_external_tables
    package: dbt-labs/dbt_external_tables
    version: 0.11.1
  - name: codegen
    package: dbt-labs/codegen
    version: 0.13.1
  - name: dbt_utils
    package: dbt-labs/dbt_utils
    version: 1.3.1
sha1_hash: 4712c71ca113a3565de48d045afd7adea1564765
