packages:
  - local: ../amplify
    name: amplify
  - local: ../deanslist
    name: deanslist
  - local: ../finalsite
    name: finalsite
  - local: ../pearson
    name: pearson
  - local: ../powerschool
    name: powerschool
  - name: dbt_external_tables
    package: dbt-labs/dbt_external_tables
    version: 0.12.2
  - name: dbt_utils
    package: dbt-labs/dbt_utils
    version: 1.4.1
sha1_hash: 15227b8eff77471b17ff6a67f5b905d4aa92cdb8
