packages:
  - local: ../amplify
    name: amplify
  - local: ../finalsite
    name: finalsite
  - local: ../powerschool
    name: powerschool
  - name: dbt_external_tables
    package: dbt-labs/dbt_external_tables
    version: 0.12.0
  - name: codegen
    package: dbt-labs/codegen
    version: 0.14.0
  - name: dbt_utils
    package: dbt-labs/dbt_utils
    version: 1.3.3
sha1_hash: d1c1747023ac19569c2acd381f01a9d8ce3ffab2
