packages:
  - local: ../amplify
    name: amplify
  - local: ../finalsite
    name: finalsite
  - local: ../pearson
    name: pearson
  - local: ../powerschool
    name: powerschool
  - name: dbt_external_tables
    package: dbt-labs/dbt_external_tables
    version: 0.12.2
  - name: dbt_utils
    package: dbt-labs/dbt_utils
    version: 1.3.3
sha1_hash: e8986a0f1726db71d70527227388fe1d2e0eaa70
