packages:
  - local: ../deanslist
  - local: ../edplan
  - local: ../overgrad
  - local: ../pearson
  - local: ../powerschool
  - local: ../titan
  - package: dbt-labs/dbt_external_tables
    version: 0.11.1
  - package: dbt-labs/codegen
    version: 0.13.1
  - package: dbt-labs/dbt_utils
    version: 1.3.0
sha1_hash: d9bd5469b08439e1cc0757ac9494c024180bbbad
