packages:
  - local: ../deanslist
    name: deanslist
  - local: ../edplan
    name: edplan
  - local: ../finalsite
    name: finalsite
  - local: ../overgrad
    name: overgrad
  - local: ../pearson
    name: pearson
  - local: ../powerschool
    name: powerschool
  - local: ../titan
    name: titan
  - name: dbt_external_tables
    package: dbt-labs/dbt_external_tables
    version: 0.12.2
  - name: dbt_utils
    package: dbt-labs/dbt_utils
    version: 1.4.1
sha1_hash: af574a8b35ffc4b6e887724310a907084806a0b1
